
Microsoft Visual Studio Solution File, Format Version 12.00
# Visual Studio Version 16
VisualStudioVersion = 16.0.29009.5
MinimumVisualStudioVersion = 10.0.40219.1
Project("{FAE04EC0-301F-11D3-BF4B-00C04F79EFBC}") = "JE2Sql", "JE2Sql\JE2Sql.csproj", "{A6149055-3228-455B-9068-677E60B92A23}"
EndProject
Global
	GlobalSection(SolutionConfigurationPlatforms) = preSolution
		Debug|Any CPU = Debug|Any CPU
		Release|Any CPU = Release|Any CPU
	EndGlobalSection
	GlobalSection(ProjectConfigurationPlatforms) = postSolution
		{A6149055-3228-455B-9068-677E60B92A23}.Debug|Any CPU.ActiveCfg = Debug|Any CPU
		{A6149055-3228-455B-9068-677E60B92A23}.Debug|Any CPU.Build.0 = Debug|Any CPU
		{A6149055-3228-455B-9068-677E60B92A23}.Release|Any CPU.ActiveCfg = Release|Any CPU
		{A6149055-3228-455B-9068-677E60B92A23}.Release|Any CPU.Build.0 = Release|Any CPU
	EndGlobalSection
	GlobalSection(SolutionProperties) = preSolution
		HideSolutionNode = FALSE
	EndGlobalSection
	GlobalSection(ExtensibilityGlobals) = postSolution
		SolutionGuid = {CBF66D37-EB25-44CF-9DD0-2CD78E452C19}
	EndGlobalSection
EndGlobal
